
Microsoft Visual Studio Solution File, Format Version 12.00
# Visual Studio Version 17
VisualStudioVersion = 17.9.34616.47
MinimumVisualStudioVersion = 10.0.40219.1
Project("{FAE04EC0-301F-11D3-BF4B-00C04F79EFBC}") = "Pr1", "Pr1\Pr1.csproj", "{C5CFA5BD-41E8-4C75-BCA4-8FFAB1A1DFF5}"
EndProject
Global
	GlobalSection(SolutionConfigurationPlatforms) = preSolution
		Debug|Any CPU = Debug|Any CPU
		Release|Any CPU = Release|Any CPU
	EndGlobalSection
	GlobalSection(ProjectConfigurationPlatforms) = postSolution
		{C5CFA5BD-41E8-4C75-BCA4-8FFAB1A1DFF5}.Debug|Any CPU.ActiveCfg = Debug|Any CPU
		{C5CFA5BD-41E8-4C75-BCA4-8FFAB1A1DFF5}.Debug|Any CPU.Build.0 = Debug|Any CPU
		{C5CFA5BD-41E8-4C75-BCA4-8FFAB1A1DFF5}.Release|Any CPU.ActiveCfg = Release|Any CPU
		{C5CFA5BD-41E8-4C75-BCA4-8FFAB1A1DFF5}.Release|Any CPU.Build.0 = Release|Any CPU
	EndGlobalSection
	GlobalSection(SolutionProperties) = preSolution
		HideSolutionNode = FALSE
	EndGlobalSection
	GlobalSection(ExtensibilityGlobals) = postSolution
		SolutionGuid = {3F68F5CF-A562-4438-A479-793EF29CED7B}
	EndGlobalSection
EndGlobal
